
Microsoft Visual Studio Solution File, Format Version 12.00
# Visual Studio Version 17
VisualStudioVersion = 17.0.31903.59
MinimumVisualStudioVersion = 10.0.40219.1
Project("{2150E333-8FDC-42A3-9474-1A3956D46DE8}") = "src", "src", "{B03A5AAC-6DC8-4F8D-80F0-22F93E01B70A}"
EndProject
Project("{2150E333-8FDC-42A3-9474-1A3956D46DE8}") = "ApiGateway", "ApiGateway", "{AEDDD382-B211-4528-8670-33962F18445B}"
EndProject
Project("{FAE04EC0-301F-11D3-BF4B-00C04F79EFBC}") = "ApiGateway.Api", "src\ApiGateway\ApiGateway.Api\ApiGateway.Api.csproj", "{5B40138D-D56A-47EF-A171-898DD6526680}"
EndProject
Project("{2150E333-8FDC-42A3-9474-1A3956D46DE8}") = "Authentication", "Authentication", "{6ADE40AA-C7B9-4731-8669-4B2A83252C8A}"
EndProject
Project("{FAE04EC0-301F-11D3-BF4B-00C04F79EFBC}") = "Authentication.Core", "src\Authentication\Authentication.Core\Authentication.Core.csproj", "{43D5681F-834D-4688-82D1-4B5E205D36CB}"
EndProject
Project("{FAE04EC0-301F-11D3-BF4B-00C04F79EFBC}") = "Authentication.Application", "src\Authentication\Authentication.Application\Authentication.Application.csproj", "{1D3C7854-11DE-49E6-8477-0D4990C7907A}"
EndProject
Project("{FAE04EC0-301F-11D3-BF4B-00C04F79EFBC}") = "Authentication.Infrastructure", "src\Authentication\Authentication.Infrastructure\Authentication.Infrastructure.csproj", "{978ABFC3-E5B1-46E2-AB2C-BE5502E3AA64}"
EndProject
Project("{FAE04EC0-301F-11D3-BF4B-00C04F79EFBC}") = "Authentication.Api", "src\Authentication\Authentication.Api\Authentication.Api.csproj", "{49F72EAF-1E4C-4563-AB20-5FC039E970D4}"
EndProject
Project("{FAE04EC0-301F-11D3-BF4B-00C04F79EFBC}") = "Authentication.Tests", "src\Authentication\Authentication.Tests\Authentication.Tests.csproj", "{D806397E-97D8-4922-B411-7C6F3D03CD40}"
EndProject
Project("{2150E333-8FDC-42A3-9474-1A3956D46DE8}") = "User", "User", "{723E8A03-9112-47E5-A251-7197DAFEE680}"
EndProject
Project("{FAE04EC0-301F-11D3-BF4B-00C04F79EFBC}") = "User.Core", "src\User\User.Core\User.Core.csproj", "{557B3D6E-D898-474C-9DE7-9CDF600B45E6}"
EndProject
Project("{FAE04EC0-301F-11D3-BF4B-00C04F79EFBC}") = "User.Application", "src\User\User.Application\User.Application.csproj", "{5EF323C1-702C-4073-9947-55F169ABE558}"
EndProject
Project("{FAE04EC0-301F-11D3-BF4B-00C04F79EFBC}") = "User.Infrastructure", "src\User\User.Infrastructure\User.Infrastructure.csproj", "{2A7FAFB5-EC04-435E-95A9-99ABF5668EA7}"
EndProject
Project("{FAE04EC0-301F-11D3-BF4B-00C04F79EFBC}") = "User.Api", "src\User\User.Api\User.Api.csproj", "{771C22BD-E140-4B25-98F0-F16853AC7F31}"
EndProject
Project("{FAE04EC0-301F-11D3-BF4B-00C04F79EFBC}") = "User.Tests", "src\User\User.Tests\User.Tests.csproj", "{AD1EBF42-8483-401A-8E81-0EB2F4A608FC}"
EndProject
Project("{2150E333-8FDC-42A3-9474-1A3956D46DE8}") = "Wallet", "Wallet", "{C5962482-0E14-4384-B9D5-08AF29F7CBFD}"
EndProject
Project("{FAE04EC0-301F-11D3-BF4B-00C04F79EFBC}") = "Wallet.Core", "src\Wallet\Wallet.Core\Wallet.Core.csproj", "{2781A166-C4BC-4540-A5CB-CA20F00393DF}"
EndProject
Project("{FAE04EC0-301F-11D3-BF4B-00C04F79EFBC}") = "Wallet.Application", "src\Wallet\Wallet.Application\Wallet.Application.csproj", "{0271D1DE-1767-4432-84DC-EDAB7C45568E}"
EndProject
Project("{FAE04EC0-301F-11D3-BF4B-00C04F79EFBC}") = "Wallet.Infrastructure", "src\Wallet\Wallet.Infrastructure\Wallet.Infrastructure.csproj", "{4718FADE-C7F7-41F1-9C6D-AEF7393916EC}"
EndProject
Project("{FAE04EC0-301F-11D3-BF4B-00C04F79EFBC}") = "Wallet.Api", "src\Wallet\Wallet.Api\Wallet.Api.csproj", "{94C2E250-D172-4C25-BEF6-F0DDBF10457A}"
EndProject
Project("{FAE04EC0-301F-11D3-BF4B-00C04F79EFBC}") = "Wallet.Tests", "src\Wallet\Wallet.Tests\Wallet.Tests.csproj", "{5C26255B-20F3-4207-A554-9A91C9B57DFB}"
EndProject
Project("{2150E333-8FDC-42A3-9474-1A3956D46DE8}") = "Transaction", "Transaction", "{570EA67A-3029-45D5-AE52-7AEC2F2D09CC}"
EndProject
Project("{FAE04EC0-301F-11D3-BF4B-00C04F79EFBC}") = "Transaction.Core", "src\Transaction\Transaction.Core\Transaction.Core.csproj", "{167C0834-1259-4897-BC93-67E3448C83A0}"
EndProject
Project("{FAE04EC0-301F-11D3-BF4B-00C04F79EFBC}") = "Transaction.Application", "src\Transaction\Transaction.Application\Transaction.Application.csproj", "{0F0D4D23-9C92-4ACD-9BA3-98D462C3107B}"
EndProject
Project("{FAE04EC0-301F-11D3-BF4B-00C04F79EFBC}") = "Transaction.Infrastructure", "src\Transaction\Transaction.Infrastructure\Transaction.Infrastructure.csproj", "{9EB2515A-4C18-4612-9CB0-49389CD93A47}"
EndProject
Project("{FAE04EC0-301F-11D3-BF4B-00C04F79EFBC}") = "Transaction.Api", "src\Transaction\Transaction.Api\Transaction.Api.csproj", "{31AE44A5-CE43-472C-8213-5C0C289F40C7}"
EndProject
Project("{FAE04EC0-301F-11D3-BF4B-00C04F79EFBC}") = "Transaction.Tests", "src\Transaction\Transaction.Tests\Transaction.Tests.csproj", "{C4F5FDB5-A2A8-4641-9AEE-1BD3D4B3C779}"
EndProject
Project("{2150E333-8FDC-42A3-9474-1A3956D46DE8}") = "Verification", "Verification", "{99311134-43F3-45DD-B6B8-68E2687661CD}"
EndProject
Project("{FAE04EC0-301F-11D3-BF4B-00C04F79EFBC}") = "Verification.Core", "src\Verification\Verification.Core\Verification.Core.csproj", "{AE2FF971-125C-43B5-98BB-B3605F11C9E4}"
EndProject
Project("{FAE04EC0-301F-11D3-BF4B-00C04F79EFBC}") = "Verification.Application", "src\Verification\Verification.Application\Verification.Application.csproj", "{83CDBA91-28A5-463A-A391-DECE4284C96A}"
EndProject
Project("{FAE04EC0-301F-11D3-BF4B-00C04F79EFBC}") = "Verification.Infrastructure", "src\Verification\Verification.Infrastructure\Verification.Infrastructure.csproj", "{B2C78C9D-2430-4169-9C6E-6714528A5D53}"
EndProject
Project("{FAE04EC0-301F-11D3-BF4B-00C04F79EFBC}") = "Verification.Api", "src\Verification\Verification.Api\Verification.Api.csproj", "{ADD1F552-A438-47C2-BC63-58668A6FF75F}"
EndProject
Project("{FAE04EC0-301F-11D3-BF4B-00C04F79EFBC}") = "Verification.Tests", "src\Verification\Verification.Tests\Verification.Tests.csproj", "{AF12DDF3-3446-477A-A8A0-22853D6D3069}"
EndProject
Project("{2150E333-8FDC-42A3-9474-1A3956D46DE8}") = "Notification", "Notification", "{5B12DB25-A644-4A70-A5BD-048BE39A0461}"
	ProjectSection(SolutionItems) = preProject
		src\Notification\Program.cs = src\Notification\Program.cs
	EndProjectSection
EndProject
Project("{FAE04EC0-301F-11D3-BF4B-00C04F79EFBC}") = "Notification.Core", "src\Notification\Notification.Core\Notification.Core.csproj", "{CF3BCCFA-A1B2-4DA4-969F-BB5A501A4846}"
EndProject
Project("{FAE04EC0-301F-11D3-BF4B-00C04F79EFBC}") = "Notification.Application", "src\Notification\Notification.Application\Notification.Application.csproj", "{DB26F39F-0F9C-4DF3-985F-8DD5C3F5E794}"
EndProject
Project("{FAE04EC0-301F-11D3-BF4B-00C04F79EFBC}") = "Notification.Infrastructure", "src\Notification\Notification.Infrastructure\Notification.Infrastructure.csproj", "{36551331-3833-4EC1-908E-37073E72273C}"
EndProject
Project("{FAE04EC0-301F-11D3-BF4B-00C04F79EFBC}") = "Notification.Tests", "src\Notification\Notification.Tests\Notification.Tests.csproj", "{44D36760-B1D6-43C3-BCB1-CFBFFC75B28B}"
EndProject
Project("{2150E333-8FDC-42A3-9474-1A3956D46DE8}") = "Shared", "Shared", "{60C85FB6-1130-41F1-9E5B-800D672FB4CE}"
EndProject
Project("{FAE04EC0-301F-11D3-BF4B-00C04F79EFBC}") = "Shared.Core", "src\Shared\Shared.Core\Shared.Core.csproj", "{B621286A-A645-47BB-A2FB-3E22A55A0598}"
EndProject
Project("{FAE04EC0-301F-11D3-BF4B-00C04F79EFBC}") = "Shared.Infrastructure", "src\Shared\Shared.Infrastructure\Shared.Infrastructure.csproj", "{1B053562-5DD3-45CA-8F86-181748A2D551}"
EndProject
Project("{FAE04EC0-301F-11D3-BF4B-00C04F79EFBC}") = "Shared.Tests", "src\Shared\Shared.Tests\Shared.Tests.csproj", "{56CCFEE2-F69E-446F-9302-983F964AC4F0}"
EndProject
Project("{FAE04EC0-301F-11D3-BF4B-00C04F79EFBC}") = "Notification.Service", "src\Notification\Notification.Service\Notification.Service.csproj", "{7B28F00D-341D-4DF3-BA50-9884BB67DEC9}"
EndProject
Global
	GlobalSection(SolutionConfigurationPlatforms) = preSolution
		Debug|Any CPU = Debug|Any CPU
		Release|Any CPU = Release|Any CPU
	EndGlobalSection
	GlobalSection(SolutionProperties) = preSolution
		HideSolutionNode = FALSE
	EndGlobalSection
	GlobalSection(ProjectConfigurationPlatforms) = postSolution
		{5B40138D-D56A-47EF-A171-898DD6526680}.Debug|Any CPU.ActiveCfg = Debug|Any CPU
		{5B40138D-D56A-47EF-A171-898DD6526680}.Debug|Any CPU.Build.0 = Debug|Any CPU
		{5B40138D-D56A-47EF-A171-898DD6526680}.Release|Any CPU.ActiveCfg = Release|Any CPU
		{5B40138D-D56A-47EF-A171-898DD6526680}.Release|Any CPU.Build.0 = Release|Any CPU
		{43D5681F-834D-4688-82D1-4B5E205D36CB}.Debug|Any CPU.ActiveCfg = Debug|Any CPU
		{43D5681F-834D-4688-82D1-4B5E205D36CB}.Debug|Any CPU.Build.0 = Debug|Any CPU
		{43D5681F-834D-4688-82D1-4B5E205D36CB}.Release|Any CPU.ActiveCfg = Release|Any CPU
		{43D5681F-834D-4688-82D1-4B5E205D36CB}.Release|Any CPU.Build.0 = Release|Any CPU
		{1D3C7854-11DE-49E6-8477-0D4990C7907A}.Debug|Any CPU.ActiveCfg = Debug|Any CPU
		{1D3C7854-11DE-49E6-8477-0D4990C7907A}.Debug|Any CPU.Build.0 = Debug|Any CPU
		{1D3C7854-11DE-49E6-8477-0D4990C7907A}.Release|Any CPU.ActiveCfg = Release|Any CPU
		{1D3C7854-11DE-49E6-8477-0D4990C7907A}.Release|Any CPU.Build.0 = Release|Any CPU
		{978ABFC3-E5B1-46E2-AB2C-BE5502E3AA64}.Debug|Any CPU.ActiveCfg = Debug|Any CPU
		{978ABFC3-E5B1-46E2-AB2C-BE5502E3AA64}.Debug|Any CPU.Build.0 = Debug|Any CPU
		{978ABFC3-E5B1-46E2-AB2C-BE5502E3AA64}.Release|Any CPU.ActiveCfg = Release|Any CPU
		{978ABFC3-E5B1-46E2-AB2C-BE5502E3AA64}.Release|Any CPU.Build.0 = Release|Any CPU
		{49F72EAF-1E4C-4563-AB20-5FC039E970D4}.Debug|Any CPU.ActiveCfg = Debug|Any CPU
		{49F72EAF-1E4C-4563-AB20-5FC039E970D4}.Debug|Any CPU.Build.0 = Debug|Any CPU
		{49F72EAF-1E4C-4563-AB20-5FC039E970D4}.Release|Any CPU.ActiveCfg = Release|Any CPU
		{49F72EAF-1E4C-4563-AB20-5FC039E970D4}.Release|Any CPU.Build.0 = Release|Any CPU
		{D806397E-97D8-4922-B411-7C6F3D03CD40}.Debug|Any CPU.ActiveCfg = Debug|Any CPU
		{D806397E-97D8-4922-B411-7C6F3D03CD40}.Debug|Any CPU.Build.0 = Debug|Any CPU
		{D806397E-97D8-4922-B411-7C6F3D03CD40}.Release|Any CPU.ActiveCfg = Release|Any CPU
		{D806397E-97D8-4922-B411-7C6F3D03CD40}.Release|Any CPU.Build.0 = Release|Any CPU
		{557B3D6E-D898-474C-9DE7-9CDF600B45E6}.Debug|Any CPU.ActiveCfg = Debug|Any CPU
		{557B3D6E-D898-474C-9DE7-9CDF600B45E6}.Debug|Any CPU.Build.0 = Debug|Any CPU
		{557B3D6E-D898-474C-9DE7-9CDF600B45E6}.Release|Any CPU.ActiveCfg = Release|Any CPU
		{557B3D6E-D898-474C-9DE7-9CDF600B45E6}.Release|Any CPU.Build.0 = Release|Any CPU
		{5EF323C1-702C-4073-9947-55F169ABE558}.Debug|Any CPU.ActiveCfg = Debug|Any CPU
		{5EF323C1-702C-4073-9947-55F169ABE558}.Debug|Any CPU.Build.0 = Debug|Any CPU
		{5EF323C1-702C-4073-9947-55F169ABE558}.Release|Any CPU.ActiveCfg = Release|Any CPU
		{5EF323C1-702C-4073-9947-55F169ABE558}.Release|Any CPU.Build.0 = Release|Any CPU
		{2A7FAFB5-EC04-435E-95A9-99ABF5668EA7}.Debug|Any CPU.ActiveCfg = Debug|Any CPU
		{2A7FAFB5-EC04-435E-95A9-99ABF5668EA7}.Debug|Any CPU.Build.0 = Debug|Any CPU
		{2A7FAFB5-EC04-435E-95A9-99ABF5668EA7}.Release|Any CPU.ActiveCfg = Release|Any CPU
		{2A7FAFB5-EC04-435E-95A9-99ABF5668EA7}.Release|Any CPU.Build.0 = Release|Any CPU
		{771C22BD-E140-4B25-98F0-F16853AC7F31}.Debug|Any CPU.ActiveCfg = Debug|Any CPU
		{771C22BD-E140-4B25-98F0-F16853AC7F31}.Debug|Any CPU.Build.0 = Debug|Any CPU
		{771C22BD-E140-4B25-98F0-F16853AC7F31}.Release|Any CPU.ActiveCfg = Release|Any CPU
		{771C22BD-E140-4B25-98F0-F16853AC7F31}.Release|Any CPU.Build.0 = Release|Any CPU
		{AD1EBF42-8483-401A-8E81-0EB2F4A608FC}.Debug|Any CPU.ActiveCfg = Debug|Any CPU
		{AD1EBF42-8483-401A-8E81-0EB2F4A608FC}.Debug|Any CPU.Build.0 = Debug|Any CPU
		{AD1EBF42-8483-401A-8E81-0EB2F4A608FC}.Release|Any CPU.ActiveCfg = Release|Any CPU
		{AD1EBF42-8483-401A-8E81-0EB2F4A608FC}.Release|Any CPU.Build.0 = Release|Any CPU
		{2781A166-C4BC-4540-A5CB-CA20F00393DF}.Debug|Any CPU.ActiveCfg = Debug|Any CPU
		{2781A166-C4BC-4540-A5CB-CA20F00393DF}.Debug|Any CPU.Build.0 = Debug|Any CPU
		{2781A166-C4BC-4540-A5CB-CA20F00393DF}.Release|Any CPU.ActiveCfg = Release|Any CPU
		{2781A166-C4BC-4540-A5CB-CA20F00393DF}.Release|Any CPU.Build.0 = Release|Any CPU
		{0271D1DE-1767-4432-84DC-EDAB7C45568E}.Debug|Any CPU.ActiveCfg = Debug|Any CPU
		{0271D1DE-1767-4432-84DC-EDAB7C45568E}.Debug|Any CPU.Build.0 = Debug|Any CPU
		{0271D1DE-1767-4432-84DC-EDAB7C45568E}.Release|Any CPU.ActiveCfg = Release|Any CPU
		{0271D1DE-1767-4432-84DC-EDAB7C45568E}.Release|Any CPU.Build.0 = Release|Any CPU
		{4718FADE-C7F7-41F1-9C6D-AEF7393916EC}.Debug|Any CPU.ActiveCfg = Debug|Any CPU
		{4718FADE-C7F7-41F1-9C6D-AEF7393916EC}.Debug|Any CPU.Build.0 = Debug|Any CPU
		{4718FADE-C7F7-41F1-9C6D-AEF7393916EC}.Release|Any CPU.ActiveCfg = Release|Any CPU
		{4718FADE-C7F7-41F1-9C6D-AEF7393916EC}.Release|Any CPU.Build.0 = Release|Any CPU
		{94C2E250-D172-4C25-BEF6-F0DDBF10457A}.Debug|Any CPU.ActiveCfg = Debug|Any CPU
		{94C2E250-D172-4C25-BEF6-F0DDBF10457A}.Debug|Any CPU.Build.0 = Debug|Any CPU
		{94C2E250-D172-4C25-BEF6-F0DDBF10457A}.Release|Any CPU.ActiveCfg = Release|Any CPU
		{94C2E250-D172-4C25-BEF6-F0DDBF10457A}.Release|Any CPU.Build.0 = Release|Any CPU
		{5C26255B-20F3-4207-A554-9A91C9B57DFB}.Debug|Any CPU.ActiveCfg = Debug|Any CPU
		{5C26255B-20F3-4207-A554-9A91C9B57DFB}.Debug|Any CPU.Build.0 = Debug|Any CPU
		{5C26255B-20F3-4207-A554-9A91C9B57DFB}.Release|Any CPU.ActiveCfg = Release|Any CPU
		{5C26255B-20F3-4207-A554-9A91C9B57DFB}.Release|Any CPU.Build.0 = Release|Any CPU
		{167C0834-1259-4897-BC93-67E3448C83A0}.Debug|Any CPU.ActiveCfg = Debug|Any CPU
		{167C0834-1259-4897-BC93-67E3448C83A0}.Debug|Any CPU.Build.0 = Debug|Any CPU
		{167C0834-1259-4897-BC93-67E3448C83A0}.Release|Any CPU.ActiveCfg = Release|Any CPU
		{167C0834-1259-4897-BC93-67E3448C83A0}.Release|Any CPU.Build.0 = Release|Any CPU
		{0F0D4D23-9C92-4ACD-9BA3-98D462C3107B}.Debug|Any CPU.ActiveCfg = Debug|Any CPU
		{0F0D4D23-9C92-4ACD-9BA3-98D462C3107B}.Debug|Any CPU.Build.0 = Debug|Any CPU
		{0F0D4D23-9C92-4ACD-9BA3-98D462C3107B}.Release|Any CPU.ActiveCfg = Release|Any CPU
		{0F0D4D23-9C92-4ACD-9BA3-98D462C3107B}.Release|Any CPU.Build.0 = Release|Any CPU
		{9EB2515A-4C18-4612-9CB0-49389CD93A47}.Debug|Any CPU.ActiveCfg = Debug|Any CPU
		{9EB2515A-4C18-4612-9CB0-49389CD93A47}.Debug|Any CPU.Build.0 = Debug|Any CPU
		{9EB2515A-4C18-4612-9CB0-49389CD93A47}.Release|Any CPU.ActiveCfg = Release|Any CPU
		{9EB2515A-4C18-4612-9CB0-49389CD93A47}.Release|Any CPU.Build.0 = Release|Any CPU
		{31AE44A5-CE43-472C-8213-5C0C289F40C7}.Debug|Any CPU.ActiveCfg = Debug|Any CPU
		{31AE44A5-CE43-472C-8213-5C0C289F40C7}.Debug|Any CPU.Build.0 = Debug|Any CPU
		{31AE44A5-CE43-472C-8213-5C0C289F40C7}.Release|Any CPU.ActiveCfg = Release|Any CPU
		{31AE44A5-CE43-472C-8213-5C0C289F40C7}.Release|Any CPU.Build.0 = Release|Any CPU
		{C4F5FDB5-A2A8-4641-9AEE-1BD3D4B3C779}.Debug|Any CPU.ActiveCfg = Debug|Any CPU
		{C4F5FDB5-A2A8-4641-9AEE-1BD3D4B3C779}.Debug|Any CPU.Build.0 = Debug|Any CPU
		{C4F5FDB5-A2A8-4641-9AEE-1BD3D4B3C779}.Release|Any CPU.ActiveCfg = Release|Any CPU
		{C4F5FDB5-A2A8-4641-9AEE-1BD3D4B3C779}.Release|Any CPU.Build.0 = Release|Any CPU
		{AE2FF971-125C-43B5-98BB-B3605F11C9E4}.Debug|Any CPU.ActiveCfg = Debug|Any CPU
		{AE2FF971-125C-43B5-98BB-B3605F11C9E4}.Debug|Any CPU.Build.0 = Debug|Any CPU
		{AE2FF971-125C-43B5-98BB-B3605F11C9E4}.Release|Any CPU.ActiveCfg = Release|Any CPU
		{AE2FF971-125C-43B5-98BB-B3605F11C9E4}.Release|Any CPU.Build.0 = Release|Any CPU
		{83CDBA91-28A5-463A-A391-DECE4284C96A}.Debug|Any CPU.ActiveCfg = Debug|Any CPU
		{83CDBA91-28A5-463A-A391-DECE4284C96A}.Debug|Any CPU.Build.0 = Debug|Any CPU
		{83CDBA91-28A5-463A-A391-DECE4284C96A}.Release|Any CPU.ActiveCfg = Release|Any CPU
		{83CDBA91-28A5-463A-A391-DECE4284C96A}.Release|Any CPU.Build.0 = Release|Any CPU
		{B2C78C9D-2430-4169-9C6E-6714528A5D53}.Debug|Any CPU.ActiveCfg = Debug|Any CPU
		{B2C78C9D-2430-4169-9C6E-6714528A5D53}.Debug|Any CPU.Build.0 = Debug|Any CPU
		{B2C78C9D-2430-4169-9C6E-6714528A5D53}.Release|Any CPU.ActiveCfg = Release|Any CPU
		{B2C78C9D-2430-4169-9C6E-6714528A5D53}.Release|Any CPU.Build.0 = Release|Any CPU
		{ADD1F552-A438-47C2-BC63-58668A6FF75F}.Debug|Any CPU.ActiveCfg = Debug|Any CPU
		{ADD1F552-A438-47C2-BC63-58668A6FF75F}.Debug|Any CPU.Build.0 = Debug|Any CPU
		{ADD1F552-A438-47C2-BC63-58668A6FF75F}.Release|Any CPU.ActiveCfg = Release|Any CPU
		{ADD1F552-A438-47C2-BC63-58668A6FF75F}.Release|Any CPU.Build.0 = Release|Any CPU
		{AF12DDF3-3446-477A-A8A0-22853D6D3069}.Debug|Any CPU.ActiveCfg = Debug|Any CPU
		{AF12DDF3-3446-477A-A8A0-22853D6D3069}.Debug|Any CPU.Build.0 = Debug|Any CPU
		{AF12DDF3-3446-477A-A8A0-22853D6D3069}.Release|Any CPU.ActiveCfg = Release|Any CPU
		{AF12DDF3-3446-477A-A8A0-22853D6D3069}.Release|Any CPU.Build.0 = Release|Any CPU
		{CF3BCCFA-A1B2-4DA4-969F-BB5A501A4846}.Debug|Any CPU.ActiveCfg = Debug|Any CPU
		{CF3BCCFA-A1B2-4DA4-969F-BB5A501A4846}.Debug|Any CPU.Build.0 = Debug|Any CPU
		{CF3BCCFA-A1B2-4DA4-969F-BB5A501A4846}.Release|Any CPU.ActiveCfg = Release|Any CPU
		{CF3BCCFA-A1B2-4DA4-969F-BB5A501A4846}.Release|Any CPU.Build.0 = Release|Any CPU
		{DB26F39F-0F9C-4DF3-985F-8DD5C3F5E794}.Debug|Any CPU.ActiveCfg = Debug|Any CPU
		{DB26F39F-0F9C-4DF3-985F-8DD5C3F5E794}.Debug|Any CPU.Build.0 = Debug|Any CPU
		{DB26F39F-0F9C-4DF3-985F-8DD5C3F5E794}.Release|Any CPU.ActiveCfg = Release|Any CPU
		{DB26F39F-0F9C-4DF3-985F-8DD5C3F5E794}.Release|Any CPU.Build.0 = Release|Any CPU
		{36551331-3833-4EC1-908E-37073E72273C}.Debug|Any CPU.ActiveCfg = Debug|Any CPU
		{36551331-3833-4EC1-908E-37073E72273C}.Debug|Any CPU.Build.0 = Debug|Any CPU
		{36551331-3833-4EC1-908E-37073E72273C}.Release|Any CPU.ActiveCfg = Release|Any CPU
		{36551331-3833-4EC1-908E-37073E72273C}.Release|Any CPU.Build.0 = Release|Any CPU
		{44D36760-B1D6-43C3-BCB1-CFBFFC75B28B}.Debug|Any CPU.ActiveCfg = Debug|Any CPU
		{44D36760-B1D6-43C3-BCB1-CFBFFC75B28B}.Debug|Any CPU.Build.0 = Debug|Any CPU
		{44D36760-B1D6-43C3-BCB1-CFBFFC75B28B}.Release|Any CPU.ActiveCfg = Release|Any CPU
		{44D36760-B1D6-43C3-BCB1-CFBFFC75B28B}.Release|Any CPU.Build.0 = Release|Any CPU
		{B621286A-A645-47BB-A2FB-3E22A55A0598}.Debug|Any CPU.ActiveCfg = Debug|Any CPU
		{B621286A-A645-47BB-A2FB-3E22A55A0598}.Debug|Any CPU.Build.0 = Debug|Any CPU
		{B621286A-A645-47BB-A2FB-3E22A55A0598}.Release|Any CPU.ActiveCfg = Release|Any CPU
		{B621286A-A645-47BB-A2FB-3E22A55A0598}.Release|Any CPU.Build.0 = Release|Any CPU
		{1B053562-5DD3-45CA-8F86-181748A2D551}.Debug|Any CPU.ActiveCfg = Debug|Any CPU
		{1B053562-5DD3-45CA-8F86-181748A2D551}.Debug|Any CPU.Build.0 = Debug|Any CPU
		{1B053562-5DD3-45CA-8F86-181748A2D551}.Release|Any CPU.ActiveCfg = Release|Any CPU
		{1B053562-5DD3-45CA-8F86-181748A2D551}.Release|Any CPU.Build.0 = Release|Any CPU
		{56CCFEE2-F69E-446F-9302-983F964AC4F0}.Debug|Any CPU.ActiveCfg = Debug|Any CPU
		{56CCFEE2-F69E-446F-9302-983F964AC4F0}.Debug|Any CPU.Build.0 = Debug|Any CPU
		{56CCFEE2-F69E-446F-9302-983F964AC4F0}.Release|Any CPU.ActiveCfg = Release|Any CPU
		{56CCFEE2-F69E-446F-9302-983F964AC4F0}.Release|Any CPU.Build.0 = Release|Any CPU
		{7B28F00D-341D-4DF3-BA50-9884BB67DEC9}.Debug|Any CPU.ActiveCfg = Debug|Any CPU
		{7B28F00D-341D-4DF3-BA50-9884BB67DEC9}.Debug|Any CPU.Build.0 = Debug|Any CPU
		{7B28F00D-341D-4DF3-BA50-9884BB67DEC9}.Release|Any CPU.ActiveCfg = Release|Any CPU
		{7B28F00D-341D-4DF3-BA50-9884BB67DEC9}.Release|Any CPU.Build.0 = Release|Any CPU
	EndGlobalSection
	GlobalSection(NestedProjects) = preSolution
		{AEDDD382-B211-4528-8670-33962F18445B} = {B03A5AAC-6DC8-4F8D-80F0-22F93E01B70A}
		{5B40138D-D56A-47EF-A171-898DD6526680} = {AEDDD382-B211-4528-8670-33962F18445B}
		{6ADE40AA-C7B9-4731-8669-4B2A83252C8A} = {B03A5AAC-6DC8-4F8D-80F0-22F93E01B70A}
		{43D5681F-834D-4688-82D1-4B5E205D36CB} = {6ADE40AA-C7B9-4731-8669-4B2A83252C8A}
		{1D3C7854-11DE-49E6-8477-0D4990C7907A} = {6ADE40AA-C7B9-4731-8669-4B2A83252C8A}
		{978ABFC3-E5B1-46E2-AB2C-BE5502E3AA64} = {6ADE40AA-C7B9-4731-8669-4B2A83252C8A}
		{49F72EAF-1E4C-4563-AB20-5FC039E970D4} = {6ADE40AA-C7B9-4731-8669-4B2A83252C8A}
		{D806397E-97D8-4922-B411-7C6F3D03CD40} = {6ADE40AA-C7B9-4731-8669-4B2A83252C8A}
		{723E8A03-9112-47E5-A251-7197DAFEE680} = {B03A5AAC-6DC8-4F8D-80F0-22F93E01B70A}
		{557B3D6E-D898-474C-9DE7-9CDF600B45E6} = {723E8A03-9112-47E5-A251-7197DAFEE680}
		{5EF323C1-702C-4073-9947-55F169ABE558} = {723E8A03-9112-47E5-A251-7197DAFEE680}
		{2A7FAFB5-EC04-435E-95A9-99ABF5668EA7} = {723E8A03-9112-47E5-A251-7197DAFEE680}
		{771C22BD-E140-4B25-98F0-F16853AC7F31} = {723E8A03-9112-47E5-A251-7197DAFEE680}
		{AD1EBF42-8483-401A-8E81-0EB2F4A608FC} = {723E8A03-9112-47E5-A251-7197DAFEE680}
		{C5962482-0E14-4384-B9D5-08AF29F7CBFD} = {B03A5AAC-6DC8-4F8D-80F0-22F93E01B70A}
		{2781A166-C4BC-4540-A5CB-CA20F00393DF} = {C5962482-0E14-4384-B9D5-08AF29F7CBFD}
		{0271D1DE-1767-4432-84DC-EDAB7C45568E} = {C5962482-0E14-4384-B9D5-08AF29F7CBFD}
		{4718FADE-C7F7-41F1-9C6D-AEF7393916EC} = {C5962482-0E14-4384-B9D5-08AF29F7CBFD}
		{94C2E250-D172-4C25-BEF6-F0DDBF10457A} = {C5962482-0E14-4384-B9D5-08AF29F7CBFD}
		{5C26255B-20F3-4207-A554-9A91C9B57DFB} = {C5962482-0E14-4384-B9D5-08AF29F7CBFD}
		{570EA67A-3029-45D5-AE52-7AEC2F2D09CC} = {B03A5AAC-6DC8-4F8D-80F0-22F93E01B70A}
		{167C0834-1259-4897-BC93-67E3448C83A0} = {570EA67A-3029-45D5-AE52-7AEC2F2D09CC}
		{0F0D4D23-9C92-4ACD-9BA3-98D462C3107B} = {570EA67A-3029-45D5-AE52-7AEC2F2D09CC}
		{9EB2515A-4C18-4612-9CB0-49389CD93A47} = {570EA67A-3029-45D5-AE52-7AEC2F2D09CC}
		{31AE44A5-CE43-472C-8213-5C0C289F40C7} = {570EA67A-3029-45D5-AE52-7AEC2F2D09CC}
		{C4F5FDB5-A2A8-4641-9AEE-1BD3D4B3C779} = {570EA67A-3029-45D5-AE52-7AEC2F2D09CC}
		{99311134-43F3-45DD-B6B8-68E2687661CD} = {B03A5AAC-6DC8-4F8D-80F0-22F93E01B70A}
		{AE2FF971-125C-43B5-98BB-B3605F11C9E4} = {99311134-43F3-45DD-B6B8-68E2687661CD}
		{83CDBA91-28A5-463A-A391-DECE4284C96A} = {99311134-43F3-45DD-B6B8-68E2687661CD}
		{B2C78C9D-2430-4169-9C6E-6714528A5D53} = {99311134-43F3-45DD-B6B8-68E2687661CD}
		{ADD1F552-A438-47C2-BC63-58668A6FF75F} = {99311134-43F3-45DD-B6B8-68E2687661CD}
		{AF12DDF3-3446-477A-A8A0-22853D6D3069} = {99311134-43F3-45DD-B6B8-68E2687661CD}
		{5B12DB25-A644-4A70-A5BD-048BE39A0461} = {B03A5AAC-6DC8-4F8D-80F0-22F93E01B70A}
		{CF3BCCFA-A1B2-4DA4-969F-BB5A501A4846} = {5B12DB25-A644-4A70-A5BD-048BE39A0461}
		{DB26F39F-0F9C-4DF3-985F-8DD5C3F5E794} = {5B12DB25-A644-4A70-A5BD-048BE39A0461}
		{36551331-3833-4EC1-908E-37073E72273C} = {5B12DB25-A644-4A70-A5BD-048BE39A0461}
		{44D36760-B1D6-43C3-BCB1-CFBFFC75B28B} = {5B12DB25-A644-4A70-A5BD-048BE39A0461}
		{60C85FB6-1130-41F1-9E5B-800D672FB4CE} = {B03A5AAC-6DC8-4F8D-80F0-22F93E01B70A}
		{B621286A-A645-47BB-A2FB-3E22A55A0598} = {60C85FB6-1130-41F1-9E5B-800D672FB4CE}
		{1B053562-5DD3-45CA-8F86-181748A2D551} = {60C85FB6-1130-41F1-9E5B-800D672FB4CE}
		{56CCFEE2-F69E-446F-9302-983F964AC4F0} = {60C85FB6-1130-41F1-9E5B-800D672FB4CE}
		{7B28F00D-341D-4DF3-BA50-9884BB67DEC9} = {5B12DB25-A644-4A70-A5BD-048BE39A0461}
	EndGlobalSection
EndGlobal
