
Microsoft Visual Studio Solution File, Format Version 12.00
# Visual Studio Version 17
VisualStudioVersion = 17.0.31903.59
MinimumVisualStudioVersion = 10.0.40219.1
Project("{FAE04EC0-301F-11D3-BF4B-00C04F79EFBC}") = "Shared.Core", "Shared.Core\Shared.Core.csproj", "{6EFDBB7F-6C67-4093-BBEC-2B32CE6352BF}"
EndProject
Project("{FAE04EC0-301F-11D3-BF4B-00C04F79EFBC}") = "Shared.Infrastructure", "Shared.Infrastructure\Shared.Infrastructure.csproj", "{4464FEF4-8998-4A68-B5C9-B216316662B6}"
EndProject
Project("{FAE04EC0-301F-11D3-BF4B-00C04F79EFBC}") = "Shared.Tests", "Shared.Tests\Shared.Tests.csproj", "{1DCC67EE-7D3A-47B0-AB69-CD7EA2D92106}"
EndProject
Global
	GlobalSection(SolutionConfigurationPlatforms) = preSolution
		Debug|Any CPU = Debug|Any CPU
		Release|Any CPU = Release|Any CPU
	EndGlobalSection
	GlobalSection(SolutionProperties) = preSolution
		HideSolutionNode = FALSE
	EndGlobalSection
	GlobalSection(ProjectConfigurationPlatforms) = postSolution
		{6EFDBB7F-6C67-4093-BBEC-2B32CE6352BF}.Debug|Any CPU.ActiveCfg = Debug|Any CPU
		{6EFDBB7F-6C67-4093-BBEC-2B32CE6352BF}.Debug|Any CPU.Build.0 = Debug|Any CPU
		{6EFDBB7F-6C67-4093-BBEC-2B32CE6352BF}.Release|Any CPU.ActiveCfg = Release|Any CPU
		{6EFDBB7F-6C67-4093-BBEC-2B32CE6352BF}.Release|Any CPU.Build.0 = Release|Any CPU
		{4464FEF4-8998-4A68-B5C9-B216316662B6}.Debug|Any CPU.ActiveCfg = Debug|Any CPU
		{4464FEF4-8998-4A68-B5C9-B216316662B6}.Debug|Any CPU.Build.0 = Debug|Any CPU
		{4464FEF4-8998-4A68-B5C9-B216316662B6}.Release|Any CPU.ActiveCfg = Release|Any CPU
		{4464FEF4-8998-4A68-B5C9-B216316662B6}.Release|Any CPU.Build.0 = Release|Any CPU
		{1DCC67EE-7D3A-47B0-AB69-CD7EA2D92106}.Debug|Any CPU.ActiveCfg = Debug|Any CPU
		{1DCC67EE-7D3A-47B0-AB69-CD7EA2D92106}.Debug|Any CPU.Build.0 = Debug|Any CPU
		{1DCC67EE-7D3A-47B0-AB69-CD7EA2D92106}.Release|Any CPU.ActiveCfg = Release|Any CPU
		{1DCC67EE-7D3A-47B0-AB69-CD7EA2D92106}.Release|Any CPU.Build.0 = Release|Any CPU
	EndGlobalSection
EndGlobal
